{
	"name": "@textbus/component-library-plugin",
	"version": "1.0.0",
	"lockfileVersion": 1,
	"requires": true,
	"dependencies": {
		"commander": {
			"version": "6.2.1",
			"resolved": "http://npmjs.cmzhfe.com/commander/-/commander-6.2.1.tgz",
			"integrity": "sha1-B5LraC37wyWZm7K4T93duhEKxzw="
		},
		"katex": {
			"version": "0.13.18",
			"resolved": "http://npmjs.cmzhfe.com/katex/-/katex-0.13.18.tgz",
			"integrity": "sha1-uono5LcMwjJeJeAZpiuf5x5cKTE=",
			"requires": {
				"commander": "^6.0.0"
			}
		},
		"rxjs": {
			"version": "6.6.7",
			"resolved": "http://npmjs.cmzhfe.com/rxjs/-/rxjs-6.6.7.tgz",
			"integrity": "sha1-kKwBisq/SRv2UEQjXVhjxNq4BMk=",
			"requires": {
				"tslib": "^1.9.0"
			}
		},
		"tslib": {
			"version": "1.14.1",
			"resolved": "http://npmjs.cmzhfe.com/tslib/-/tslib-1.14.1.tgz",
			"integrity": "sha1-zy04vcNKE0vK8QkcQfZhni9nLQA="
		}
	}
}
