{
	"name": "@textbus/textbus",
	"version": "1.0.0",
	"lockfileVersion": 1,
	"requires": true,
	"dependencies": {
		"@tanbo/css-themes": {
			"version": "0.0.1",
			"resolved": "http://npmjs.cmzhfe.com/@tanbo%2fcss-themes/-/css-themes-0.0.1.tgz",
			"integrity": "sha1-tyknz791y2h5np6iB5HNFNN8AaM="
		}
	}
}
