{
	"name": "@textbus/uikit",
	"version": "1.0.0",
	"lockfileVersion": 1,
	"requires": true,
	"dependencies": {
		"@tanbo/css-themes": {
			"version": "0.0.1",
			"resolved": "http://npmjs.cmzhfe.com/@tanbo%2fcss-themes/-/css-themes-0.0.1.tgz",
			"integrity": "sha1-tyknz791y2h5np6iB5HNFNN8AaM="
		},
		"rxjs": {
			"version": "6.6.7",
			"resolved": "http://npmjs.cmzhfe.com/rxjs/-/rxjs-6.6.7.tgz",
			"integrity": "sha1-kKwBisq/SRv2UEQjXVhjxNq4BMk=",
			"requires": {
				"tslib": "^1.9.0"
			}
		},
		"tslib": {
			"version": "1.14.1",
			"resolved": "http://npmjs.cmzhfe.com/tslib/-/tslib-1.14.1.tgz",
			"integrity": "sha1-zy04vcNKE0vK8QkcQfZhni9nLQA="
		}
	}
}
