{
	"name": "@textbus/toolbar",
	"version": "1.0.0",
	"lockfileVersion": 1,
	"requires": true,
	"dependencies": {
		"@tanbo/color": {
			"version": "0.0.3",
			"resolved": "http://npmjs.cmzhfe.com/@tanbo%2fcolor/-/color-0.0.3.tgz",
			"integrity": "sha1-4wAKVe8Kz3zFLTuLk563Uk/TB84="
		},
		"@tanbo/color-picker": {
			"version": "0.1.2",
			"resolved": "http://npmjs.cmzhfe.com/@tanbo%2fcolor-picker/-/color-picker-0.1.2.tgz",
			"integrity": "sha1-nctbtM93jpUFb6xJRgtxu3aB4dk="
		},
		"@tanbo/css-themes": {
			"version": "0.0.1",
			"resolved": "http://npmjs.cmzhfe.com/@tanbo%2fcss-themes/-/css-themes-0.0.1.tgz",
			"integrity": "sha1-tyknz791y2h5np6iB5HNFNN8AaM="
		},
		"rxjs": {
			"version": "6.6.7",
			"resolved": "http://npmjs.cmzhfe.com/rxjs/-/rxjs-6.6.7.tgz",
			"integrity": "sha1-kKwBisq/SRv2UEQjXVhjxNq4BMk=",
			"requires": {
				"tslib": "^1.9.0"
			}
		},
		"tslib": {
			"version": "1.14.1",
			"resolved": "http://npmjs.cmzhfe.com/tslib/-/tslib-1.14.1.tgz",
			"integrity": "sha1-zy04vcNKE0vK8QkcQfZhni9nLQA="
		}
	}
}
